// !$*UTF8*$!
{
	archiveVersion = 1;
	classes = {
	};
	objectVersion = 50;
	objects = {

/* Begin PBXBuildFile section */
		713E9DDF23AD2695001836DB /* AppDelegate.swift in Sources */ = {isa = PBXBuildFile; fileRef = 713E9DDE23AD2695001836DB /* AppDelegate.swift */; };
		713E9DE423AD2695001836DB /* Main.storyboard in Resources */ = {isa = PBXBuildFile; fileRef = 713E9DE223AD2695001836DB /* Main.storyboard */; };
		713E9DE623AD2697001836DB /* Assets.xcassets in Resources */ = {isa = PBXBuildFile; fileRef = 713E9DE523AD2697001836DB /* Assets.xcassets */; };
		713E9DE923AD2697001836DB /* LaunchScreen.storyboard in Resources */ = {isa = PBXBuildFile; fileRef = 713E9DE723AD2697001836DB /* LaunchScreen.storyboard */; };
		713E9DF123AD2711001836DB /* ListTableViewController.swift in Sources */ = {isa = PBXBuildFile; fileRef = 713E9DF023AD2711001836DB /* ListTableViewController.swift */; };
		713E9DF323AD3A24001836DB /* ParallaxCell.swift in Sources */ = {isa = PBXBuildFile; fileRef = 713E9DF223AD3A24001836DB /* ParallaxCell.swift */; };
		713E9DF523AD409A001836DB /* Images+Names.swift in Sources */ = {isa = PBXBuildFile; fileRef = 713E9DF423AD409A001836DB /* Images+Names.swift */; };
/* End PBXBuildFile section */

/* Begin PBXFileReference section */
		713E9DDB23AD2695001836DB /* listy.app */ = {isa = PBXFileReference; explicitFileType = wrapper.application; includeInIndex = 0; path = listy.app; sourceTree = BUILT_PRODUCTS_DIR; };
		713E9DDE23AD2695001836DB /* AppDelegate.swift */ = {isa = PBXFileReference; lastKnownFileType = sourcecode.swift; path = AppDelegate.swift; sourceTree = "<group>"; };
		713E9DE323AD2695001836DB /* Base */ = {isa = PBXFileReference; lastKnownFileType = file.storyboard; name = Base; path = Base.lproj/Main.storyboard; sourceTree = "<group>"; };
		713E9DE523AD2697001836DB /* Assets.xcassets */ = {isa = PBXFileReference; lastKnownFileType = folder.assetcatalog; path = Assets.xcassets; sourceTree = "<group>"; };
		713E9DE823AD2697001836DB /* Base */ = {isa = PBXFileReference; lastKnownFileType = file.storyboard; name = Base; path = Base.lproj/LaunchScreen.storyboard; sourceTree = "<group>"; };
		713E9DEA23AD2697001836DB /* Info.plist */ = {isa = PBXFileReference; lastKnownFileType = text.plist.xml; path = Info.plist; sourceTree = "<group>"; };
		713E9DF023AD2711001836DB /* ListTableViewController.swift */ = {isa = PBXFileReference; lastKnownFileType = sourcecode.swift; path = ListTableViewController.swift; sourceTree = "<group>"; };
		713E9DF223AD3A24001836DB /* ParallaxCell.swift */ = {isa = PBXFileReference; lastKnownFileType = sourcecode.swift; path = ParallaxCell.swift; sourceTree = "<group>"; };
		713E9DF423AD409A001836DB /* Images+Names.swift */ = {isa = PBXFileReference; lastKnownFileType = sourcecode.swift; path = "Images+Names.swift"; sourceTree = "<group>"; };
/* End PBXFileReference section */

/* Begin PBXFrameworksBuildPhase section */
		713E9DD823AD2695001836DB /* Frameworks */ = {
			isa = PBXFrameworksBuildPhase;
			buildActionMask = 2147483647;
			files = (
			);
			runOnlyForDeploymentPostprocessing = 0;
		};
/* End PBXFrameworksBuildPhase section */

/* Begin PBXGroup section */
		713E9DD223AD2695001836DB = {
			isa = PBXGroup;
			children = (
				713E9DDD23AD2695001836DB /* listy */,
				713E9DDC23AD2695001836DB /* Products */,
			);
			sourceTree = "<group>";
		};
		713E9DDC23AD2695001836DB /* Products */ = {
			isa = PBXGroup;
			children = (
				713E9DDB23AD2695001836DB /* listy.app */,
			);
			name = Products;
			sourceTree = "<group>";
		};
		713E9DDD23AD2695001836DB /* listy */ = {
			isa = PBXGroup;
			children = (
				713E9DDE23AD2695001836DB /* AppDelegate.swift */,
				713E9DE223AD2695001836DB /* Main.storyboard */,
				713E9DE523AD2697001836DB /* Assets.xcassets */,
				713E9DE723AD2697001836DB /* LaunchScreen.storyboard */,
				713E9DEA23AD2697001836DB /* Info.plist */,
				713E9DF023AD2711001836DB /* ListTableViewController.swift */,
				713E9DF223AD3A24001836DB /* ParallaxCell.swift */,
				713E9DF423AD409A001836DB /* Images+Names.swift */,
			);
			path = listy;
			sourceTree = "<group>";
		};
/* End PBXGroup section */

/* Begin PBXNativeTarget section */
		713E9DDA23AD2695001836DB /* listy */ = {
			isa = PBXNativeTarget;
			buildConfigurationList = 713E9DED23AD2697001836DB /* Build configuration list for PBXNativeTarget "listy" */;
			buildPhases = (
				713E9DD723AD2695001836DB /* Sources */,
				713E9DD823AD2695001836DB /* Frameworks */,
				713E9DD923AD2695001836DB /* Resources */,
			);
			buildRules = (
			);
			dependencies = (
			);
			name = listy;
			productName = listy;
			productReference = 713E9DDB23AD2695001836DB /* listy.app */;
			productType = "com.apple.product-type.application";
		};
/* End PBXNativeTarget section */

/* Begin PBXProject section */
		713E9DD323AD2695001836DB /* Project object */ = {
			isa = PBXProject;
			attributes = {
				LastSwiftUpdateCheck = 1020;
				LastUpgradeCheck = 1020;
				ORGANIZATIONNAME = "Allbee, Eamon";
				TargetAttributes = {
					713E9DDA23AD2695001836DB = {
						CreatedOnToolsVersion = 10.2;
					};
				};
			};
			buildConfigurationList = 713E9DD623AD2695001836DB /* Build configuration list for PBXProject "listy" */;
			compatibilityVersion = "Xcode 9.3";
			developmentRegion = en;
			hasScannedForEncodings = 0;
			knownRegions = (
				en,
				Base,
			);
			mainGroup = 713E9DD223AD2695001836DB;
			productRefGroup = 713E9DDC23AD2695001836DB /* Products */;
			projectDirPath = "";
			projectRoot = "";
			targets = (
				713E9DDA23AD2695001836DB /* listy */,
			);
		};
/* End PBXProject section */

/* Begin PBXResourcesBuildPhase section */
		713E9DD923AD2695001836DB /* Resources */ = {
			isa = PBXResourcesBuildPhase;
			buildActionMask = 2147483647;
			files = (
				713E9DE923AD2697001836DB /* LaunchScreen.storyboard in Resources */,
				713E9DE623AD2697001836DB /* Assets.xcassets in Resources */,
				713E9DE423AD2695001836DB /* Main.storyboard in Resources */,
			);
			runOnlyForDeploymentPostprocessing = 0;
		};
/* End PBXResourcesBuildPhase section */

/* Begin PBXSourcesBuildPhase section */
		713E9DD723AD2695001836DB /* Sources */ = {
			isa = PBXSourcesBuildPhase;
			buildActionMask = 2147483647;
			files = (
				713E9DF323AD3A24001836DB /* ParallaxCell.swift in Sources */,
				713E9DDF23AD2695001836DB /* AppDelegate.swift in Sources */,
				713E9DF523AD409A001836DB /* Images+Names.swift in Sources */,
				713E9DF123AD2711001836DB /* ListTableViewController.swift in Sources */,
			);
			runOnlyForDeploymentPostprocessing = 0;
		};
/* End PBXSourcesBuildPhase section */

/* Begin PBXVariantGroup section */
		713E9DE223AD2695001836DB /* Main.storyboard */ = {
			isa = PBXVariantGroup;
			children = (
				713E9DE323AD2695001836DB /* Base */,
			);
			name = Main.storyboard;
			sourceTree = "<group>";
		};
		713E9DE723AD2697001836DB /* LaunchScreen.storyboard */ = {
			isa = PBXVariantGroup;
			children = (
				713E9DE823AD2697001836DB /* Base */,
			);
			name = LaunchScreen.storyboard;
			sourceTree = "<group>";
		};
/* End PBXVariantGroup section */

/* Begin XCBuildConfiguration section */
		713E9DEB23AD2697001836DB /* Debug */ = {
			isa = XCBuildConfiguration;
			buildSettings = {
				ALWAYS_SEARCH_USER_PATHS = NO;
				CLANG_ANALYZER_NONNULL = YES;
				CLANG_ANALYZER_NUMBER_OBJECT_CONVERSION = YES_AGGRESSIVE;
				CLANG_CXX_LANGUAGE_STANDARD = "gnu++14";
				CLANG_CXX_LIBRARY = "libc++";
				CLANG_ENABLE_MODULES = YES;
				CLANG_ENABLE_OBJC_ARC = YES;
				CLANG_ENABLE_OBJC_WEAK = YES;
				CLANG_WARN_BLOCK_CAPTURE_AUTORELEASING = YES;
				CLANG_WARN_BOOL_CONVERSION = YES;
				CLANG_WARN_COMMA = YES;
				CLANG_WARN_CONSTANT_CONVERSION = YES;
				CLANG_WARN_DEPRECATED_OBJC_IMPLEMENTATIONS = YES;
				CLANG_WARN_DIRECT_OBJC_ISA_USAGE = YES_ERROR;
				CLANG_WARN_DOCUMENTATION_COMMENTS = YES;
				CLANG_WARN_EMPTY_BODY = YES;
				CLANG_WARN_ENUM_CONVERSION = YES;
				CLANG_WARN_INFINITE_RECURSION = YES;
				CLANG_WARN_INT_CONVERSION = YES;
				CLANG_WARN_NON_LITERAL_NULL_CONVERSION = YES;
				CLANG_WARN_OBJC_IMPLICIT_RETAIN_SELF = YES;
				CLANG_WARN_OBJC_LITERAL_CONVERSION = YES;
				CLANG_WARN_OBJC_ROOT_CLASS = YES_ERROR;
				CLANG_WARN_RANGE_LOOP_ANALYSIS = YES;
				CLANG_WARN_STRICT_PROTOTYPES = YES;
				CLANG_WARN_SUSPICIOUS_MOVE = YES;
				CLANG_WARN_UNGUARDED_AVAILABILITY = YES_AGGRESSIVE;
				CLANG_WARN_UNREACHABLE_CODE = YES;
				CLANG_WARN__DUPLICATE_METHOD_MATCH = YES;
				CODE_SIGN_IDENTITY = "iPhone Developer";
				COPY_PHASE_STRIP = NO;
				DEBUG_INFORMATION_FORMAT = dwarf;
				ENABLE_STRICT_OBJC_MSGSEND = YES;
				ENABLE_TESTABILITY = YES;
				GCC_C_LANGUAGE_STANDARD = gnu11;
				GCC_DYNAMIC_NO_PIC = NO;
				GCC_NO_COMMON_BLOCKS = YES;
				GCC_OPTIMIZATION_LEVEL = 0;
				GCC_PREPROCESSOR_DEFINITIONS = (
					"DEBUG=1",
					"$(inherited)",
				);
				GCC_WARN_64_TO_32_BIT_CONVERSION = YES;
				GCC_WARN_ABOUT_RETURN_TYPE = YES_ERROR;
				GCC_WARN_UNDECLARED_SELECTOR = YES;
				GCC_WARN_UNINITIALIZED_AUTOS = YES_AGGRESSIVE;
				GCC_WARN_UNUSED_FUNCTION = YES;
				GCC_WARN_UNUSED_VARIABLE = YES;
				IPHONEOS_DEPLOYMENT_TARGET = 12.2;
				MTL_ENABLE_DEBUG_INFO = INCLUDE_SOURCE;
				MTL_FAST_MATH = YES;
				ONLY_ACTIVE_ARCH = YES;
				SDKROOT = iphoneos;
				SWIFT_ACTIVE_COMPILATION_CONDITIONS = DEBUG;
				SWIFT_OPTIMIZATION_LEVEL = "-Onone";
			};
			name = Debug;
		};
		713E9DEC23AD2697001836DB /* Release */ = {
			isa = XCBuildConfiguration;
			buildSettings = {
				ALWAYS_SEARCH_USER_PATHS = NO;
				CLANG_ANALYZER_NONNULL = YES;
				CLANG_ANALYZER_NUMBER_OBJECT_CONVERSION = YES_AGGRESSIVE;
				CLANG_CXX_LANGUAGE_STANDARD = "gnu++14";
				CLANG_CXX_LIBRARY = "libc++";
				CLANG_ENABLE_MODULES = YES;
				CLANG_ENABLE_OBJC_ARC = YES;
				CLANG_ENABLE_OBJC_WEAK = YES;
				CLANG_WARN_BLOCK_CAPTURE_AUTORELEASING = YES;
				CLANG_WARN_BOOL_CONVERSION = YES;
				CLANG_WARN_COMMA = YES;
				CLANG_WARN_CONSTANT_CONVERSION = YES;
				CLANG_WARN_DEPRECATED_OBJC_IMPLEMENTATIONS = YES;
				CLANG_WARN_DIRECT_OBJC_ISA_USAGE = YES_ERROR;
				CLANG_WARN_DOCUMENTATION_COMMENTS = YES;
				CLANG_WARN_EMPTY_BODY = YES;
				CLANG_WARN_ENUM_CONVERSION = YES;
				CLANG_WARN_INFINITE_RECURSION = YES;
				CLANG_WARN_INT_CONVERSION = YES;
				CLANG_WARN_NON_LITERAL_NULL_CONVERSION = YES;
				CLANG_WARN_OBJC_IMPLICIT_RETAIN_SELF = YES;
				CLANG_WARN_OBJC_LITERAL_CONVERSION = YES;
				CLANG_WARN_OBJC_ROOT_CLASS = YES_ERROR;
				CLANG_WARN_RANGE_LOOP_ANALYSIS = YES;
				CLANG_WARN_STRICT_PROTOTYPES = YES;
				CLANG_WARN_SUSPICIOUS_MOVE = YES;
				CLANG_WARN_UNGUARDED_AVAILABILITY = YES_AGGRESSIVE;
				CLANG_WARN_UNREACHABLE_CODE = YES;
				CLANG_WARN__DUPLICATE_METHOD_MATCH = YES;
				CODE_SIGN_IDENTITY = "iPhone Developer";
				COPY_PHASE_STRIP = NO;
				DEBUG_INFORMATION_FORMAT = "dwarf-with-dsym";
				ENABLE_NS_ASSERTIONS = NO;
				ENABLE_STRICT_OBJC_MSGSEND = YES;
				GCC_C_LANGUAGE_STANDARD = gnu11;
				GCC_NO_COMMON_BLOCKS = YES;
				GCC_WARN_64_TO_32_BIT_CONVERSION = YES;
				GCC_WARN_ABOUT_RETURN_TYPE = YES_ERROR;
				GCC_WARN_UNDECLARED_SELECTOR = YES;
				GCC_WARN_UNINITIALIZED_AUTOS = YES_AGGRESSIVE;
				GCC_WARN_UNUSED_FUNCTION = YES;
				GCC_WARN_UNUSED_VARIABLE = YES;
				IPHONEOS_DEPLOYMENT_TARGET = 12.2;
				MTL_ENABLE_DEBUG_INFO = NO;
				MTL_FAST_MATH = YES;
				SDKROOT = iphoneos;
				SWIFT_COMPILATION_MODE = wholemodule;
				SWIFT_OPTIMIZATION_LEVEL = "-O";
				VALIDATE_PRODUCT = YES;
			};
			name = Release;
		};
		713E9DEE23AD2697001836DB /* Debug */ = {
			isa = XCBuildConfiguration;
			buildSettings = {
				ASSETCATALOG_COMPILER_APPICON_NAME = AppIcon;
				CODE_SIGN_STYLE = Automatic;
				DEVELOPMENT_TEAM = 457T53625V;
				INFOPLIST_FILE = listy/Info.plist;
				LD_RUNPATH_SEARCH_PATHS = (
					"$(inherited)",
					"@executable_path/Frameworks",
				);
				PRODUCT_BUNDLE_IDENTIFIER = com.allbeefit.listy;
				PRODUCT_NAME = "$(TARGET_NAME)";
				SWIFT_VERSION = 5.0;
				TARGETED_DEVICE_FAMILY = "1,2";
			};
			name = Debug;
		};
		713E9DEF23AD2697001836DB /* Release */ = {
			isa = XCBuildConfiguration;
			buildSettings = {
				ASSETCATALOG_COMPILER_APPICON_NAME = AppIcon;
				CODE_SIGN_STYLE = Automatic;
				DEVELOPMENT_TEAM = 457T53625V;
				INFOPLIST_FILE = listy/Info.plist;
				LD_RUNPATH_SEARCH_PATHS = (
					"$(inherited)",
					"@executable_path/Frameworks",
				);
				PRODUCT_BUNDLE_IDENTIFIER = com.allbeefit.listy;
				PRODUCT_NAME = "$(TARGET_NAME)";
				SWIFT_VERSION = 5.0;
				TARGETED_DEVICE_FAMILY = "1,2";
			};
			name = Release;
		};
/* End XCBuildConfiguration section */

/* Begin XCConfigurationList section */
		713E9DD623AD2695001836DB /* Build configuration list for PBXProject "listy" */ = {
			isa = XCConfigurationList;
			buildConfigurations = (
				713E9DEB23AD2697001836DB /* Debug */,
				713E9DEC23AD2697001836DB /* Release */,
			);
			defaultConfigurationIsVisible = 0;
			defaultConfigurationName = Release;
		};
		713E9DED23AD2697001836DB /* Build configuration list for PBXNativeTarget "listy" */ = {
			isa = XCConfigurationList;
			buildConfigurations = (
				713E9DEE23AD2697001836DB /* Debug */,
				713E9DEF23AD2697001836DB /* Release */,
			);
			defaultConfigurationIsVisible = 0;
			defaultConfigurationName = Release;
		};
/* End XCConfigurationList section */
	};
	rootObject = 713E9DD323AD2695001836DB /* Project object */;
}
